PODS:
  - Nimble (11.2.1)
  - Quick (6.1.0)
  - RxCocoa (4.5.0):
    - RxSwift (>= 4.4.2, ~> 4.4)
  - RxSwift (4.5.0)
  - SDWebImage (5.14.2):
    - SDWebImage/Core (= 5.14.2)
  - SDWebImage/Core (5.14.2)
  - SwiftyJSON (5.0.1)

DEPENDENCIES:
  - Nimble
  - Quick
  - RxCocoa (~> 4.0)
  - RxSwift (~> 4.0)
  - SDWebImage
  - SwiftyJSON

SPEC REPOS:
  trunk:
    - Nimble
    - Quick
    - RxCocoa
    - RxSwift
    - SDWebImage
    - SwiftyJSON

SPEC CHECKSUMS:
  Nimble: 516ac503a0fafaa8e41dbb4a70a61be421fa893a
  Quick: 6676ffb409bf04abba2ff23902af2407bfc6ac90
  RxCocoa: cbf70265dc65a981d4ac982e513c10cf23df24a0
  RxSwift: f172070dfd1a93d70a9ab97a5a01166206e1c575
  SDWebImage: b9a731e1d6307f44ca703b3976d18c24ca561e84
  SwiftyJSON: 2f33a42c6fbc52764d96f13368585094bfd8aa5e

PODFILE CHECKSUM: 9cb9a26947f425f8dc19eb87b1618cf695324e05

COCOAPODS: 1.11.3
